
Microsoft Visual Studio Solution File, Format Version 12.00
# Visual Studio Version 17
VisualStudioVersion = 17.0.31903.59
MinimumVisualStudioVersion = 10.0.40219.1
Project("{2150E333-8FDC-42A3-9474-1A3956D46DE8}") = "src", "src", "{B2522019-1E00-438C-81FF-8ADAA5F64582}"
EndProject
Project("{FAE04EC0-301F-11D3-BF4B-00C04F79EFBC}") = "Domain", "src\Domain\Domain.csproj", "{BDB5998C-CBF5-4724-A4AB-5B66EDE066CF}"
EndProject
Project("{FAE04EC0-301F-11D3-BF4B-00C04F79EFBC}") = "Application", "src\Application\Application.csproj", "{7EDE18C6-BEF1-49F0-B550-A344B84D0E02}"
EndProject
Project("{FAE04EC0-301F-11D3-BF4B-00C04F79EFBC}") = "Infrastructure", "src\Infrastructure\Infrastructure.csproj", "{E08530D2-1C14-4EEA-A9BF-BA75180C78C9}"
EndProject
Project("{FAE04EC0-301F-11D3-BF4B-00C04F79EFBC}") = "WebApi", "src\WebApi\WebApi.csproj", "{CD27180F-F0DE-4E12-A4BF-6C240ACB9015}"
EndProject
Global
	GlobalSection(SolutionConfigurationPlatforms) = preSolution
		Debug|Any CPU = Debug|Any CPU
		Release|Any CPU = Release|Any CPU
	EndGlobalSection
	GlobalSection(SolutionProperties) = preSolution
		HideSolutionNode = FALSE
	EndGlobalSection
	GlobalSection(ProjectConfigurationPlatforms) = postSolution
		{BDB5998C-CBF5-4724-A4AB-5B66EDE066CF}.Debug|Any CPU.ActiveCfg = Debug|Any CPU
		{BDB5998C-CBF5-4724-A4AB-5B66EDE066CF}.Debug|Any CPU.Build.0 = Debug|Any CPU
		{BDB5998C-CBF5-4724-A4AB-5B66EDE066CF}.Release|Any CPU.ActiveCfg = Release|Any CPU
		{BDB5998C-CBF5-4724-A4AB-5B66EDE066CF}.Release|Any CPU.Build.0 = Release|Any CPU
		{7EDE18C6-BEF1-49F0-B550-A344B84D0E02}.Debug|Any CPU.ActiveCfg = Debug|Any CPU
		{7EDE18C6-BEF1-49F0-B550-A344B84D0E02}.Debug|Any CPU.Build.0 = Debug|Any CPU
		{7EDE18C6-BEF1-49F0-B550-A344B84D0E02}.Release|Any CPU.ActiveCfg = Release|Any CPU
		{7EDE18C6-BEF1-49F0-B550-A344B84D0E02}.Release|Any CPU.Build.0 = Release|Any CPU
		{E08530D2-1C14-4EEA-A9BF-BA75180C78C9}.Debug|Any CPU.ActiveCfg = Debug|Any CPU
		{E08530D2-1C14-4EEA-A9BF-BA75180C78C9}.Debug|Any CPU.Build.0 = Debug|Any CPU
		{E08530D2-1C14-4EEA-A9BF-BA75180C78C9}.Release|Any CPU.ActiveCfg = Release|Any CPU
		{E08530D2-1C14-4EEA-A9BF-BA75180C78C9}.Release|Any CPU.Build.0 = Release|Any CPU
		{CD27180F-F0DE-4E12-A4BF-6C240ACB9015}.Debug|Any CPU.ActiveCfg = Debug|Any CPU
		{CD27180F-F0DE-4E12-A4BF-6C240ACB9015}.Debug|Any CPU.Build.0 = Debug|Any CPU
		{CD27180F-F0DE-4E12-A4BF-6C240ACB9015}.Release|Any CPU.ActiveCfg = Release|Any CPU
		{CD27180F-F0DE-4E12-A4BF-6C240ACB9015}.Release|Any CPU.Build.0 = Release|Any CPU
	EndGlobalSection
	GlobalSection(NestedProjects) = preSolution
		{BDB5998C-CBF5-4724-A4AB-5B66EDE066CF} = {B2522019-1E00-438C-81FF-8ADAA5F64582}
		{7EDE18C6-BEF1-49F0-B550-A344B84D0E02} = {B2522019-1E00-438C-81FF-8ADAA5F64582}
		{E08530D2-1C14-4EEA-A9BF-BA75180C78C9} = {B2522019-1E00-438C-81FF-8ADAA5F64582}
		{CD27180F-F0DE-4E12-A4BF-6C240ACB9015} = {B2522019-1E00-438C-81FF-8ADAA5F64582}
	EndGlobalSection
EndGlobal
